github.com/davecgh/go-spew v1.1.1 h1:vj9j/u1bqnvCEfJOwUhtlOARqs3+rkHYY13jYWTU97c=
github.com/davecgh/go-spew v1.1.1/go.mod h1:J7Y8YcW2NihsgmVo/mv3lAwl/skON4iLHjSsI+c5H38=
tinygo.org/x/go-llvm v0.0.0-20231014233752-75a8a9fe6f74 h1:tW8XhLI9gUZLL+2pG0HYb5dc6bpMj1aqtESpizXPnMY=
tinygo.org/x/go-llvm v0.0.0-20231014233752-75a8a9fe6f74/go.mod h1:GFbusT2VTA4I+l4j80b17KFK+6whv69Wtny5U+T8RR0=
